
Microsoft Visual Studio Solution File, Format Version 12.00
# Visual Studio 14
VisualStudioVersion = 14.0.25420.1
MinimumVisualStudioVersion = 10.0.40219.1
Project("{FAE04EC0-301F-11D3-BF4B-00C04F79EFBC}") = "ASPNET.WebControls", "ASPNET.WebControls\ASPNET.WebControls.csproj", "{9A7020D5-451B-4C0D-8AED-AB6F0E0E09DF}"
EndProject
Project("{FAE04EC0-301F-11D3-BF4B-00C04F79EFBC}") = "Hidistro.ControlPanel", "Hidistro.ControlPanel\Hidistro.ControlPanel.csproj", "{8C478DD2-C91E-4E34-BC61-8BC181247E31}"
EndProject
Project("{FAE04EC0-301F-11D3-BF4B-00C04F79EFBC}") = "Hidistro.Core", "Hidistro.Core\Hidistro.Core.csproj", "{C2F9053C-C4DD-467A-958E-28F27971F9AF}"
EndProject
Project("{FAE04EC0-301F-11D3-BF4B-00C04F79EFBC}") = "Hidistro.Jobs", "Hidistro.Jobs\Hidistro.Jobs.csproj", "{ED0A2200-295B-4D58-82C3-8378B49D088A}"
EndProject
Project("{FAE04EC0-301F-11D3-BF4B-00C04F79EFBC}") = "Hidistro.Messages", "Hidistro.Messages\Hidistro.Messages.csproj", "{F4C164E7-9F3B-43A2-A087-8295C6A0982A}"
EndProject
Project("{FAE04EC0-301F-11D3-BF4B-00C04F79EFBC}") = "Hidistro.SaleSystem.Vshop", "Hidistro.SaleSystem.Vshop\Hidistro.SaleSystem.Vshop.csproj", "{163A7CC3-2F91-436C-8BBB-C04D199C61F7}"
EndProject
Project("{FAE04EC0-301F-11D3-BF4B-00C04F79EFBC}") = "Hidistro.SqlDal", "Hidistro.SqlDal\Hidistro.SqlDal.csproj", "{A0D0A688-A825-464D-B3DC-9E233F74BB68}"
EndProject
Project("{FAE04EC0-301F-11D3-BF4B-00C04F79EFBC}") = "Hidistro.UI.Common.Controls", "Hidistro.UI.Common.Controls\Hidistro.UI.Common.Controls.csproj", "{2CD5B19A-6A7D-45BE-8D16-F0C6EE517805}"
EndProject
Project("{FAE04EC0-301F-11D3-BF4B-00C04F79EFBC}") = "Hidistro.UI.ControlPanel.Utility", "Hidistro.UI.ControlPanel.Utility\Hidistro.UI.ControlPanel.Utility.csproj", "{DA3B80A6-2DFE-4EFC-863C-5D0EE3A3E12F}"
EndProject
Project("{FAE04EC0-301F-11D3-BF4B-00C04F79EFBC}") = "Hidistro.UI.SaleSystem.CodeBehind", "Hidistro.UI.SaleSystem.CodeBehind\Hidistro.UI.SaleSystem.CodeBehind.csproj", "{7EA052EE-92F9-4700-98F0-7D4FC922B740}"
EndProject
Project("{FAE04EC0-301F-11D3-BF4B-00C04F79EFBC}") = "Hidistro.UI.SaleSystem.Tags", "Hidistro.UI.SaleSystem.Tags\Hidistro.UI.SaleSystem.Tags.csproj", "{44E623E8-27F6-40CF-8B26-4D5D14B41D4E}"
EndProject
Project("{FAE04EC0-301F-11D3-BF4B-00C04F79EFBC}") = "Hidistro.UI.Web", "Hidistro.UI.Web\Hidistro.UI.Web.csproj", "{97A3C334-9466-494E-962A-B371DA7EDF90}"
EndProject
Project("{FAE04EC0-301F-11D3-BF4B-00C04F79EFBC}") = "Hishop.Components.Validation", "Hishop.Components.Validation\Hishop.Components.Validation.csproj", "{0BB99E47-2E13-4699-8A17-B694BAFDAF8E}"
EndProject
Project("{FAE04EC0-301F-11D3-BF4B-00C04F79EFBC}") = "Hishop.MeiQia.Api", "Hishop.MeiQia.Api\Hishop.MeiQia.Api.csproj", "{BC919641-51B9-40DF-A3D1-72CE24F3758B}"
EndProject
Project("{FAE04EC0-301F-11D3-BF4B-00C04F79EFBC}") = "Hishop.Plugins", "Hishop.Plugins\Hishop.Plugins.csproj", "{0E59E504-5D0D-457D-8C08-F4C1A9AD6026}"
EndProject
Project("{FAE04EC0-301F-11D3-BF4B-00C04F79EFBC}") = "Hishop.TransferManager", "Hishop.TransferManager\Hishop.TransferManager.csproj", "{2B9F448E-A6D4-43BD-9670-23ADDBC0BFAC}"
EndProject
Project("{FAE04EC0-301F-11D3-BF4B-00C04F79EFBC}") = "Hishop.WeiBo.Api", "Hishop.WeiBo.Api\Hishop.WeiBo.Api.csproj", "{47EA7AE2-B10D-4807-9B3F-EFC36DD87717}"
EndProject
Project("{FAE04EC0-301F-11D3-BF4B-00C04F79EFBC}") = "Hishop.Weixin.MP", "Hishop.Weixin.MP\Hishop.Weixin.MP.csproj", "{8E1202A9-2483-48F9-A1A5-82571FE70946}"
EndProject
Project("{FAE04EC0-301F-11D3-BF4B-00C04F79EFBC}") = "Hishop.Weixin.Pay", "Hishop.Weixin.Pay\Hishop.Weixin.Pay.csproj", "{5796D24E-C8A9-4027-BDB4-472C37169F92}"
EndProject
Project("{FAE04EC0-301F-11D3-BF4B-00C04F79EFBC}") = "kindeditor.Net", "kindeditor.Net\kindeditor.Net.csproj", "{1160ED3F-AA6F-4514-A0DC-551647AE12DA}"
EndProject
Project("{E24C65DC-7377-472B-9ABA-BC803B73C61A}") = "xkd_3.1(1)", "http://localhost:64997", "{42BAD79C-DE8B-4C4C-890C-6AC512EC22A8}"
	ProjectSection(WebsiteProperties) = preProject
		UseIISExpress = "true"
		TargetFrameworkMoniker = ".NETFramework,Version%3Dv4.0"
		ProjectReferences = "{9a7020d5-451b-4c0d-8aed-ab6f0e0e09df}|ASPNET.WebControls.dll;{8c478dd2-c91e-4e34-bc61-8bc181247e31}|Hidistro.ControlPanel.dll;{C2F9053C-C4DD-467A-958E-28F27971F9AF}|Hidistro.Core.dll;{B544C93D-C963-40F6-8702-8B75D2DDB8A7}|Hidistro.Entities.dll;{0BB99E47-2E13-4699-8A17-B694BAFDAF8E}|Hishop.Components.Validation.dll;{F4C164E7-9F3B-43A2-A087-8295C6A0982A}|Hidistro.Messages.dll;{A0D0A688-A825-464D-B3DC-9E233F74BB68}|Hidistro.SqlDal.dll;{0E59E504-5D0D-457D-8C08-F4C1A9AD6026}|Hishop.Plugins.dll;{8E1202A9-2483-48F9-A1A5-82571FE70946}|Hishop.Weixin.MP.dll;{163A7CC3-2F91-436C-8BBB-C04D199C61F7}|Hidistro.SaleSystem.Vshop.dll;{47EA7AE2-B10D-4807-9B3F-EFC36DD87717}|Hishop.WeiBo.Api.dll;{5796d24e-c8a9-4027-bdb4-472c37169f92}|Hishop.Weixin.Pay.dll;{6ccd8e2e-0e48-4dac-8860-a67e531156ef}|HiTemplate.dll;{1160ed3f-aa6f-4514-a0dc-551647ae12da}|kindeditor.Net.dll;{bc919641-51b9-40df-a3d1-72ce24f3758b}|Hishop.MeiQia.Api.dll;{2b9f448e-a6d4-43bd-9670-23addbc0bfac}|Hishop.TransferManager.dll;{97a3c334-9466-494e-962a-b371da7edf90}|Hidistro.UI.Web.dll;{2CD5B19A-6A7D-45BE-8D16-F0C6EE517805}|Hidistro.UI.Common.Controls.dll;{DA3B80A6-2DFE-4EFC-863C-5D0EE3A3E12F}|Hidistro.UI.ControlPanel.Utility.dll;{7EA052EE-92F9-4700-98F0-7D4FC922B740}|Hidistro.UI.SaleSystem.CodeBehind.dll;{44E623E8-27F6-40CF-8B26-4D5D14B41D4E}|Hidistro.UI.SaleSystem.Tags.dll;{ed0a2200-295b-4d58-82c3-8378b49d088a}|Hidistro.Jobs.dll;{804AD297-8D3F-4A41-82DF-4E353FCCBE4A}|Chenduo.Dal.dll;{54B39254-4239-4319-847E-FC5839C6371D}|Chenduo.Model.dll;{c8278b7b-cc1f-4d24-b013-39b63f551db4}|MxWeiXinPF.Templates.dll;{ffe421fa-c56d-466d-bcbe-5c451f2c82bc}|VTemplate.Engine.dll;{808c6cc8-4cbc-4c3e-9acc-573819afc2e5}|Chenduo.Bll.dll;"
		Debug.AspNetCompiler.VirtualPath = "/localhost_64997"
		Debug.AspNetCompiler.PhysicalPath = "xkd_3.1\"
		Debug.AspNetCompiler.TargetPath = "PrecompiledWeb\localhost_64997\"
		Debug.AspNetCompiler.Updateable = "true"
		Debug.AspNetCompiler.ForceOverwrite = "true"
		Debug.AspNetCompiler.FixedNames = "false"
		Debug.AspNetCompiler.Debug = "True"
		Release.AspNetCompiler.VirtualPath = "/localhost_64997"
		Release.AspNetCompiler.PhysicalPath = "xkd_3.1\"
		Release.AspNetCompiler.TargetPath = "PrecompiledWeb\localhost_64997\"
		Release.AspNetCompiler.Updateable = "true"
		Release.AspNetCompiler.ForceOverwrite = "true"
		Release.AspNetCompiler.FixedNames = "false"
		Release.AspNetCompiler.Debug = "False"
		SlnRelativePath = "xkd_3.1\"
		StartServerOnDebug = "false"
	EndProjectSection
EndProject
Project("{FAE04EC0-301F-11D3-BF4B-00C04F79EFBC}") = "Hidistro.Entities", "Hidistro.Entities\Hidistro.Entities.csproj", "{B544C93D-C963-40F6-8702-8B75D2DDB8A7}"
EndProject
Project("{FAE04EC0-301F-11D3-BF4B-00C04F79EFBC}") = "HiTemplate", "HiTemplate\HiTemplate.csproj", "{6CCD8E2E-0E48-4DAC-8860-A67E531156EF}"
EndProject
Project("{FAE04EC0-301F-11D3-BF4B-00C04F79EFBC}") = "MxWeiXinPF.Templates", "MxWeiXinPF.Templates\MxWeiXinPF.Templates.csproj", "{C8278B7B-CC1F-4D24-B013-39B63F551DB4}"
EndProject
Project("{FAE04EC0-301F-11D3-BF4B-00C04F79EFBC}") = "VTemplate.Engine", "VTemplate.Engine\VTemplate.Engine.csproj", "{FFE421FA-C56D-466D-BCBE-5C451F2C82BC}"
EndProject
Project("{FAE04EC0-301F-11D3-BF4B-00C04F79EFBC}") = "Chenduo.Bll", "Chenduo.Bll\Chenduo.Bll.csproj", "{808C6CC8-4CBC-4C3E-9ACC-573819AFC2E5}"
EndProject
Project("{FAE04EC0-301F-11D3-BF4B-00C04F79EFBC}") = "Chenduo.Dal", "Chenduo.Dal\Chenduo.Dal.csproj", "{804AD297-8D3F-4A41-82DF-4E353FCCBE4A}"
EndProject
Project("{FAE04EC0-301F-11D3-BF4B-00C04F79EFBC}") = "Chenduo.Model", "Chenduo.Model\Chenduo.Model.csproj", "{54B39254-4239-4319-847E-FC5839C6371D}"
EndProject
Global
	GlobalSection(SolutionConfigurationPlatforms) = preSolution
		Debug|Any CPU = Debug|Any CPU
		Debug|Mixed Platforms = Debug|Mixed Platforms
		Debug|x86 = Debug|x86
		Release|Any CPU = Release|Any CPU
		Release|Mixed Platforms = Release|Mixed Platforms
		Release|x86 = Release|x86
		Test|Any CPU = Test|Any CPU
		Test|Mixed Platforms = Test|Mixed Platforms
		Test|x86 = Test|x86
	EndGlobalSection
	GlobalSection(ProjectConfigurationPlatforms) = postSolution
		{9A7020D5-451B-4C0D-8AED-AB6F0E0E09DF}.Debug|Any CPU.ActiveCfg = Debug|x86
		{9A7020D5-451B-4C0D-8AED-AB6F0E0E09DF}.Debug|Mixed Platforms.ActiveCfg = Debug|x86
		{9A7020D5-451B-4C0D-8AED-AB6F0E0E09DF}.Debug|Mixed Platforms.Build.0 = Debug|x86
		{9A7020D5-451B-4C0D-8AED-AB6F0E0E09DF}.Debug|x86.ActiveCfg = Debug|x86
		{9A7020D5-451B-4C0D-8AED-AB6F0E0E09DF}.Debug|x86.Build.0 = Debug|x86
		{9A7020D5-451B-4C0D-8AED-AB6F0E0E09DF}.Release|Any CPU.ActiveCfg = Release|x86
		{9A7020D5-451B-4C0D-8AED-AB6F0E0E09DF}.Release|Mixed Platforms.ActiveCfg = Release|x86
		{9A7020D5-451B-4C0D-8AED-AB6F0E0E09DF}.Release|Mixed Platforms.Build.0 = Release|x86
		{9A7020D5-451B-4C0D-8AED-AB6F0E0E09DF}.Release|x86.ActiveCfg = Release|x86
		{9A7020D5-451B-4C0D-8AED-AB6F0E0E09DF}.Release|x86.Build.0 = Release|x86
		{9A7020D5-451B-4C0D-8AED-AB6F0E0E09DF}.Test|Any CPU.ActiveCfg = Release|x86
		{9A7020D5-451B-4C0D-8AED-AB6F0E0E09DF}.Test|Any CPU.Build.0 = Release|x86
		{9A7020D5-451B-4C0D-8AED-AB6F0E0E09DF}.Test|Mixed Platforms.ActiveCfg = Release|x86
		{9A7020D5-451B-4C0D-8AED-AB6F0E0E09DF}.Test|Mixed Platforms.Build.0 = Release|x86
		{9A7020D5-451B-4C0D-8AED-AB6F0E0E09DF}.Test|x86.ActiveCfg = Release|x86
		{9A7020D5-451B-4C0D-8AED-AB6F0E0E09DF}.Test|x86.Build.0 = Release|x86
		{8C478DD2-C91E-4E34-BC61-8BC181247E31}.Debug|Any CPU.ActiveCfg = Debug|x86
		{8C478DD2-C91E-4E34-BC61-8BC181247E31}.Debug|Mixed Platforms.ActiveCfg = Debug|x86
		{8C478DD2-C91E-4E34-BC61-8BC181247E31}.Debug|Mixed Platforms.Build.0 = Debug|x86
		{8C478DD2-C91E-4E34-BC61-8BC181247E31}.Debug|x86.ActiveCfg = Debug|x86
		{8C478DD2-C91E-4E34-BC61-8BC181247E31}.Debug|x86.Build.0 = Debug|x86
		{8C478DD2-C91E-4E34-BC61-8BC181247E31}.Release|Any CPU.ActiveCfg = Release|x86
		{8C478DD2-C91E-4E34-BC61-8BC181247E31}.Release|Mixed Platforms.ActiveCfg = Release|x86
		{8C478DD2-C91E-4E34-BC61-8BC181247E31}.Release|Mixed Platforms.Build.0 = Release|x86
		{8C478DD2-C91E-4E34-BC61-8BC181247E31}.Release|x86.ActiveCfg = Release|x86
		{8C478DD2-C91E-4E34-BC61-8BC181247E31}.Release|x86.Build.0 = Release|x86
		{8C478DD2-C91E-4E34-BC61-8BC181247E31}.Test|Any CPU.ActiveCfg = Release|x86
		{8C478DD2-C91E-4E34-BC61-8BC181247E31}.Test|Any CPU.Build.0 = Release|x86
		{8C478DD2-C91E-4E34-BC61-8BC181247E31}.Test|Mixed Platforms.ActiveCfg = Release|x86
		{8C478DD2-C91E-4E34-BC61-8BC181247E31}.Test|Mixed Platforms.Build.0 = Release|x86
		{8C478DD2-C91E-4E34-BC61-8BC181247E31}.Test|x86.ActiveCfg = Release|x86
		{8C478DD2-C91E-4E34-BC61-8BC181247E31}.Test|x86.Build.0 = Release|x86
		{C2F9053C-C4DD-467A-958E-28F27971F9AF}.Debug|Any CPU.ActiveCfg = Debug|x86
		{C2F9053C-C4DD-467A-958E-28F27971F9AF}.Debug|Mixed Platforms.ActiveCfg = Debug|x86
		{C2F9053C-C4DD-467A-958E-28F27971F9AF}.Debug|Mixed Platforms.Build.0 = Debug|x86
		{C2F9053C-C4DD-467A-958E-28F27971F9AF}.Debug|x86.ActiveCfg = Debug|x86
		{C2F9053C-C4DD-467A-958E-28F27971F9AF}.Debug|x86.Build.0 = Debug|x86
		{C2F9053C-C4DD-467A-958E-28F27971F9AF}.Release|Any CPU.ActiveCfg = Release|x86
		{C2F9053C-C4DD-467A-958E-28F27971F9AF}.Release|Mixed Platforms.ActiveCfg = Release|x86
		{C2F9053C-C4DD-467A-958E-28F27971F9AF}.Release|Mixed Platforms.Build.0 = Release|x86
		{C2F9053C-C4DD-467A-958E-28F27971F9AF}.Release|x86.ActiveCfg = Release|x86
		{C2F9053C-C4DD-467A-958E-28F27971F9AF}.Release|x86.Build.0 = Release|x86
		{C2F9053C-C4DD-467A-958E-28F27971F9AF}.Test|Any CPU.ActiveCfg = Release|x86
		{C2F9053C-C4DD-467A-958E-28F27971F9AF}.Test|Any CPU.Build.0 = Release|x86
		{C2F9053C-C4DD-467A-958E-28F27971F9AF}.Test|Mixed Platforms.ActiveCfg = Release|x86
		{C2F9053C-C4DD-467A-958E-28F27971F9AF}.Test|Mixed Platforms.Build.0 = Release|x86
		{C2F9053C-C4DD-467A-958E-28F27971F9AF}.Test|x86.ActiveCfg = Release|x86
		{C2F9053C-C4DD-467A-958E-28F27971F9AF}.Test|x86.Build.0 = Release|x86
		{ED0A2200-295B-4D58-82C3-8378B49D088A}.Debug|Any CPU.ActiveCfg = Debug|x86
		{ED0A2200-295B-4D58-82C3-8378B49D088A}.Debug|Mixed Platforms.ActiveCfg = Debug|x86
		{ED0A2200-295B-4D58-82C3-8378B49D088A}.Debug|Mixed Platforms.Build.0 = Debug|x86
		{ED0A2200-295B-4D58-82C3-8378B49D088A}.Debug|x86.ActiveCfg = Debug|x86
		{ED0A2200-295B-4D58-82C3-8378B49D088A}.Debug|x86.Build.0 = Debug|x86
		{ED0A2200-295B-4D58-82C3-8378B49D088A}.Release|Any CPU.ActiveCfg = Release|x86
		{ED0A2200-295B-4D58-82C3-8378B49D088A}.Release|Mixed Platforms.ActiveCfg = Release|x86
		{ED0A2200-295B-4D58-82C3-8378B49D088A}.Release|Mixed Platforms.Build.0 = Release|x86
		{ED0A2200-295B-4D58-82C3-8378B49D088A}.Release|x86.ActiveCfg = Release|x86
		{ED0A2200-295B-4D58-82C3-8378B49D088A}.Release|x86.Build.0 = Release|x86
		{ED0A2200-295B-4D58-82C3-8378B49D088A}.Test|Any CPU.ActiveCfg = Release|x86
		{ED0A2200-295B-4D58-82C3-8378B49D088A}.Test|Any CPU.Build.0 = Release|x86
		{ED0A2200-295B-4D58-82C3-8378B49D088A}.Test|Mixed Platforms.ActiveCfg = Release|x86
		{ED0A2200-295B-4D58-82C3-8378B49D088A}.Test|Mixed Platforms.Build.0 = Release|x86
		{ED0A2200-295B-4D58-82C3-8378B49D088A}.Test|x86.ActiveCfg = Release|x86
		{ED0A2200-295B-4D58-82C3-8378B49D088A}.Test|x86.Build.0 = Release|x86
		{F4C164E7-9F3B-43A2-A087-8295C6A0982A}.Debug|Any CPU.ActiveCfg = Debug|x86
		{F4C164E7-9F3B-43A2-A087-8295C6A0982A}.Debug|Mixed Platforms.ActiveCfg = Debug|x86
		{F4C164E7-9F3B-43A2-A087-8295C6A0982A}.Debug|Mixed Platforms.Build.0 = Debug|x86
		{F4C164E7-9F3B-43A2-A087-8295C6A0982A}.Debug|x86.ActiveCfg = Debug|x86
		{F4C164E7-9F3B-43A2-A087-8295C6A0982A}.Debug|x86.Build.0 = Debug|x86
		{F4C164E7-9F3B-43A2-A087-8295C6A0982A}.Release|Any CPU.ActiveCfg = Release|x86
		{F4C164E7-9F3B-43A2-A087-8295C6A0982A}.Release|Mixed Platforms.ActiveCfg = Release|x86
		{F4C164E7-9F3B-43A2-A087-8295C6A0982A}.Release|Mixed Platforms.Build.0 = Release|x86
		{F4C164E7-9F3B-43A2-A087-8295C6A0982A}.Release|x86.ActiveCfg = Release|x86
		{F4C164E7-9F3B-43A2-A087-8295C6A0982A}.Release|x86.Build.0 = Release|x86
		{F4C164E7-9F3B-43A2-A087-8295C6A0982A}.Test|Any CPU.ActiveCfg = Release|x86
		{F4C164E7-9F3B-43A2-A087-8295C6A0982A}.Test|Any CPU.Build.0 = Release|x86
		{F4C164E7-9F3B-43A2-A087-8295C6A0982A}.Test|Mixed Platforms.ActiveCfg = Release|x86
		{F4C164E7-9F3B-43A2-A087-8295C6A0982A}.Test|Mixed Platforms.Build.0 = Release|x86
		{F4C164E7-9F3B-43A2-A087-8295C6A0982A}.Test|x86.ActiveCfg = Release|x86
		{F4C164E7-9F3B-43A2-A087-8295C6A0982A}.Test|x86.Build.0 = Release|x86
		{163A7CC3-2F91-436C-8BBB-C04D199C61F7}.Debug|Any CPU.ActiveCfg = Debug|x86
		{163A7CC3-2F91-436C-8BBB-C04D199C61F7}.Debug|Mixed Platforms.ActiveCfg = Debug|x86
		{163A7CC3-2F91-436C-8BBB-C04D199C61F7}.Debug|Mixed Platforms.Build.0 = Debug|x86
		{163A7CC3-2F91-436C-8BBB-C04D199C61F7}.Debug|x86.ActiveCfg = Debug|x86
		{163A7CC3-2F91-436C-8BBB-C04D199C61F7}.Debug|x86.Build.0 = Debug|x86
		{163A7CC3-2F91-436C-8BBB-C04D199C61F7}.Release|Any CPU.ActiveCfg = Release|x86
		{163A7CC3-2F91-436C-8BBB-C04D199C61F7}.Release|Mixed Platforms.ActiveCfg = Release|x86
		{163A7CC3-2F91-436C-8BBB-C04D199C61F7}.Release|Mixed Platforms.Build.0 = Release|x86
		{163A7CC3-2F91-436C-8BBB-C04D199C61F7}.Release|x86.ActiveCfg = Release|x86
		{163A7CC3-2F91-436C-8BBB-C04D199C61F7}.Release|x86.Build.0 = Release|x86
		{163A7CC3-2F91-436C-8BBB-C04D199C61F7}.Test|Any CPU.ActiveCfg = Release|x86
		{163A7CC3-2F91-436C-8BBB-C04D199C61F7}.Test|Any CPU.Build.0 = Release|x86
		{163A7CC3-2F91-436C-8BBB-C04D199C61F7}.Test|Mixed Platforms.ActiveCfg = Release|x86
		{163A7CC3-2F91-436C-8BBB-C04D199C61F7}.Test|Mixed Platforms.Build.0 = Release|x86
		{163A7CC3-2F91-436C-8BBB-C04D199C61F7}.Test|x86.ActiveCfg = Release|x86
		{163A7CC3-2F91-436C-8BBB-C04D199C61F7}.Test|x86.Build.0 = Release|x86
		{A0D0A688-A825-464D-B3DC-9E233F74BB68}.Debug|Any CPU.ActiveCfg = Debug|x86
		{A0D0A688-A825-464D-B3DC-9E233F74BB68}.Debug|Mixed Platforms.ActiveCfg = Debug|x86
		{A0D0A688-A825-464D-B3DC-9E233F74BB68}.Debug|Mixed Platforms.Build.0 = Debug|x86
		{A0D0A688-A825-464D-B3DC-9E233F74BB68}.Debug|x86.ActiveCfg = Debug|x86
		{A0D0A688-A825-464D-B3DC-9E233F74BB68}.Debug|x86.Build.0 = Debug|x86
		{A0D0A688-A825-464D-B3DC-9E233F74BB68}.Release|Any CPU.ActiveCfg = Release|x86
		{A0D0A688-A825-464D-B3DC-9E233F74BB68}.Release|Mixed Platforms.ActiveCfg = Release|x86
		{A0D0A688-A825-464D-B3DC-9E233F74BB68}.Release|Mixed Platforms.Build.0 = Release|x86
		{A0D0A688-A825-464D-B3DC-9E233F74BB68}.Release|x86.ActiveCfg = Release|x86
		{A0D0A688-A825-464D-B3DC-9E233F74BB68}.Release|x86.Build.0 = Release|x86
		{A0D0A688-A825-464D-B3DC-9E233F74BB68}.Test|Any CPU.ActiveCfg = Release|x86
		{A0D0A688-A825-464D-B3DC-9E233F74BB68}.Test|Any CPU.Build.0 = Release|x86
		{A0D0A688-A825-464D-B3DC-9E233F74BB68}.Test|Mixed Platforms.ActiveCfg = Release|x86
		{A0D0A688-A825-464D-B3DC-9E233F74BB68}.Test|Mixed Platforms.Build.0 = Release|x86
		{A0D0A688-A825-464D-B3DC-9E233F74BB68}.Test|x86.ActiveCfg = Release|x86
		{A0D0A688-A825-464D-B3DC-9E233F74BB68}.Test|x86.Build.0 = Release|x86
		{2CD5B19A-6A7D-45BE-8D16-F0C6EE517805}.Debug|Any CPU.ActiveCfg = Debug|x86
		{2CD5B19A-6A7D-45BE-8D16-F0C6EE517805}.Debug|Mixed Platforms.ActiveCfg = Debug|x86
		{2CD5B19A-6A7D-45BE-8D16-F0C6EE517805}.Debug|Mixed Platforms.Build.0 = Debug|x86
		{2CD5B19A-6A7D-45BE-8D16-F0C6EE517805}.Debug|x86.ActiveCfg = Debug|x86
		{2CD5B19A-6A7D-45BE-8D16-F0C6EE517805}.Debug|x86.Build.0 = Debug|x86
		{2CD5B19A-6A7D-45BE-8D16-F0C6EE517805}.Release|Any CPU.ActiveCfg = Release|x86
		{2CD5B19A-6A7D-45BE-8D16-F0C6EE517805}.Release|Mixed Platforms.ActiveCfg = Release|x86
		{2CD5B19A-6A7D-45BE-8D16-F0C6EE517805}.Release|Mixed Platforms.Build.0 = Release|x86
		{2CD5B19A-6A7D-45BE-8D16-F0C6EE517805}.Release|x86.ActiveCfg = Release|x86
		{2CD5B19A-6A7D-45BE-8D16-F0C6EE517805}.Release|x86.Build.0 = Release|x86
		{2CD5B19A-6A7D-45BE-8D16-F0C6EE517805}.Test|Any CPU.ActiveCfg = Release|x86
		{2CD5B19A-6A7D-45BE-8D16-F0C6EE517805}.Test|Any CPU.Build.0 = Release|x86
		{2CD5B19A-6A7D-45BE-8D16-F0C6EE517805}.Test|Mixed Platforms.ActiveCfg = Release|x86
		{2CD5B19A-6A7D-45BE-8D16-F0C6EE517805}.Test|Mixed Platforms.Build.0 = Release|x86
		{2CD5B19A-6A7D-45BE-8D16-F0C6EE517805}.Test|x86.ActiveCfg = Release|x86
		{2CD5B19A-6A7D-45BE-8D16-F0C6EE517805}.Test|x86.Build.0 = Release|x86
		{DA3B80A6-2DFE-4EFC-863C-5D0EE3A3E12F}.Debug|Any CPU.ActiveCfg = Debug|x86
		{DA3B80A6-2DFE-4EFC-863C-5D0EE3A3E12F}.Debug|Mixed Platforms.ActiveCfg = Debug|x86
		{DA3B80A6-2DFE-4EFC-863C-5D0EE3A3E12F}.Debug|Mixed Platforms.Build.0 = Debug|x86
		{DA3B80A6-2DFE-4EFC-863C-5D0EE3A3E12F}.Debug|x86.ActiveCfg = Debug|x86
		{DA3B80A6-2DFE-4EFC-863C-5D0EE3A3E12F}.Debug|x86.Build.0 = Debug|x86
		{DA3B80A6-2DFE-4EFC-863C-5D0EE3A3E12F}.Release|Any CPU.ActiveCfg = Release|x86
		{DA3B80A6-2DFE-4EFC-863C-5D0EE3A3E12F}.Release|Mixed Platforms.ActiveCfg = Release|x86
		{DA3B80A6-2DFE-4EFC-863C-5D0EE3A3E12F}.Release|Mixed Platforms.Build.0 = Release|x86
		{DA3B80A6-2DFE-4EFC-863C-5D0EE3A3E12F}.Release|x86.ActiveCfg = Release|x86
		{DA3B80A6-2DFE-4EFC-863C-5D0EE3A3E12F}.Release|x86.Build.0 = Release|x86
		{DA3B80A6-2DFE-4EFC-863C-5D0EE3A3E12F}.Test|Any CPU.ActiveCfg = Release|x86
		{DA3B80A6-2DFE-4EFC-863C-5D0EE3A3E12F}.Test|Any CPU.Build.0 = Release|x86
		{DA3B80A6-2DFE-4EFC-863C-5D0EE3A3E12F}.Test|Mixed Platforms.ActiveCfg = Release|x86
		{DA3B80A6-2DFE-4EFC-863C-5D0EE3A3E12F}.Test|Mixed Platforms.Build.0 = Release|x86
		{DA3B80A6-2DFE-4EFC-863C-5D0EE3A3E12F}.Test|x86.ActiveCfg = Release|x86
		{DA3B80A6-2DFE-4EFC-863C-5D0EE3A3E12F}.Test|x86.Build.0 = Release|x86
		{7EA052EE-92F9-4700-98F0-7D4FC922B740}.Debug|Any CPU.ActiveCfg = Debug|x86
		{7EA052EE-92F9-4700-98F0-7D4FC922B740}.Debug|Mixed Platforms.ActiveCfg = Debug|x86
		{7EA052EE-92F9-4700-98F0-7D4FC922B740}.Debug|Mixed Platforms.Build.0 = Debug|x86
		{7EA052EE-92F9-4700-98F0-7D4FC922B740}.Debug|x86.ActiveCfg = Debug|x86
		{7EA052EE-92F9-4700-98F0-7D4FC922B740}.Debug|x86.Build.0 = Debug|x86
		{7EA052EE-92F9-4700-98F0-7D4FC922B740}.Release|Any CPU.ActiveCfg = Release|x86
		{7EA052EE-92F9-4700-98F0-7D4FC922B740}.Release|Mixed Platforms.ActiveCfg = Release|x86
		{7EA052EE-92F9-4700-98F0-7D4FC922B740}.Release|Mixed Platforms.Build.0 = Release|x86
		{7EA052EE-92F9-4700-98F0-7D4FC922B740}.Release|x86.ActiveCfg = Release|x86
		{7EA052EE-92F9-4700-98F0-7D4FC922B740}.Release|x86.Build.0 = Release|x86
		{7EA052EE-92F9-4700-98F0-7D4FC922B740}.Test|Any CPU.ActiveCfg = Release|x86
		{7EA052EE-92F9-4700-98F0-7D4FC922B740}.Test|Any CPU.Build.0 = Release|x86
		{7EA052EE-92F9-4700-98F0-7D4FC922B740}.Test|Mixed Platforms.ActiveCfg = Release|x86
		{7EA052EE-92F9-4700-98F0-7D4FC922B740}.Test|Mixed Platforms.Build.0 = Release|x86
		{7EA052EE-92F9-4700-98F0-7D4FC922B740}.Test|x86.ActiveCfg = Release|x86
		{7EA052EE-92F9-4700-98F0-7D4FC922B740}.Test|x86.Build.0 = Release|x86
		{44E623E8-27F6-40CF-8B26-4D5D14B41D4E}.Debug|Any CPU.ActiveCfg = Debug|x86
		{44E623E8-27F6-40CF-8B26-4D5D14B41D4E}.Debug|Mixed Platforms.ActiveCfg = Debug|x86
		{44E623E8-27F6-40CF-8B26-4D5D14B41D4E}.Debug|Mixed Platforms.Build.0 = Debug|x86
		{44E623E8-27F6-40CF-8B26-4D5D14B41D4E}.Debug|x86.ActiveCfg = Debug|x86
		{44E623E8-27F6-40CF-8B26-4D5D14B41D4E}.Debug|x86.Build.0 = Debug|x86
		{44E623E8-27F6-40CF-8B26-4D5D14B41D4E}.Release|Any CPU.ActiveCfg = Release|x86
		{44E623E8-27F6-40CF-8B26-4D5D14B41D4E}.Release|Mixed Platforms.ActiveCfg = Release|x86
		{44E623E8-27F6-40CF-8B26-4D5D14B41D4E}.Release|Mixed Platforms.Build.0 = Release|x86
		{44E623E8-27F6-40CF-8B26-4D5D14B41D4E}.Release|x86.ActiveCfg = Release|x86
		{44E623E8-27F6-40CF-8B26-4D5D14B41D4E}.Release|x86.Build.0 = Release|x86
		{44E623E8-27F6-40CF-8B26-4D5D14B41D4E}.Test|Any CPU.ActiveCfg = Release|x86
		{44E623E8-27F6-40CF-8B26-4D5D14B41D4E}.Test|Any CPU.Build.0 = Release|x86
		{44E623E8-27F6-40CF-8B26-4D5D14B41D4E}.Test|Mixed Platforms.ActiveCfg = Release|x86
		{44E623E8-27F6-40CF-8B26-4D5D14B41D4E}.Test|Mixed Platforms.Build.0 = Release|x86
		{44E623E8-27F6-40CF-8B26-4D5D14B41D4E}.Test|x86.ActiveCfg = Release|x86
		{44E623E8-27F6-40CF-8B26-4D5D14B41D4E}.Test|x86.Build.0 = Release|x86
		{97A3C334-9466-494E-962A-B371DA7EDF90}.Debug|Any CPU.ActiveCfg = Debug|x86
		{97A3C334-9466-494E-962A-B371DA7EDF90}.Debug|Mixed Platforms.ActiveCfg = Debug|x86
		{97A3C334-9466-494E-962A-B371DA7EDF90}.Debug|Mixed Platforms.Build.0 = Debug|x86
		{97A3C334-9466-494E-962A-B371DA7EDF90}.Debug|x86.ActiveCfg = Debug|x86
		{97A3C334-9466-494E-962A-B371DA7EDF90}.Debug|x86.Build.0 = Debug|x86
		{97A3C334-9466-494E-962A-B371DA7EDF90}.Release|Any CPU.ActiveCfg = Release|x86
		{97A3C334-9466-494E-962A-B371DA7EDF90}.Release|Mixed Platforms.ActiveCfg = Release|x86
		{97A3C334-9466-494E-962A-B371DA7EDF90}.Release|Mixed Platforms.Build.0 = Release|x86
		{97A3C334-9466-494E-962A-B371DA7EDF90}.Release|x86.ActiveCfg = Release|x86
		{97A3C334-9466-494E-962A-B371DA7EDF90}.Release|x86.Build.0 = Release|x86
		{97A3C334-9466-494E-962A-B371DA7EDF90}.Test|Any CPU.ActiveCfg = Release|x86
		{97A3C334-9466-494E-962A-B371DA7EDF90}.Test|Any CPU.Build.0 = Release|x86
		{97A3C334-9466-494E-962A-B371DA7EDF90}.Test|Mixed Platforms.ActiveCfg = Release|x86
		{97A3C334-9466-494E-962A-B371DA7EDF90}.Test|Mixed Platforms.Build.0 = Release|x86
		{97A3C334-9466-494E-962A-B371DA7EDF90}.Test|x86.ActiveCfg = Release|x86
		{97A3C334-9466-494E-962A-B371DA7EDF90}.Test|x86.Build.0 = Release|x86
		{0BB99E47-2E13-4699-8A17-B694BAFDAF8E}.Debug|Any CPU.ActiveCfg = Debug|x86
		{0BB99E47-2E13-4699-8A17-B694BAFDAF8E}.Debug|Mixed Platforms.ActiveCfg = Debug|x86
		{0BB99E47-2E13-4699-8A17-B694BAFDAF8E}.Debug|Mixed Platforms.Build.0 = Debug|x86
		{0BB99E47-2E13-4699-8A17-B694BAFDAF8E}.Debug|x86.ActiveCfg = Debug|x86
		{0BB99E47-2E13-4699-8A17-B694BAFDAF8E}.Debug|x86.Build.0 = Debug|x86
		{0BB99E47-2E13-4699-8A17-B694BAFDAF8E}.Release|Any CPU.ActiveCfg = Release|x86
		{0BB99E47-2E13-4699-8A17-B694BAFDAF8E}.Release|Mixed Platforms.ActiveCfg = Release|x86
		{0BB99E47-2E13-4699-8A17-B694BAFDAF8E}.Release|Mixed Platforms.Build.0 = Release|x86
		{0BB99E47-2E13-4699-8A17-B694BAFDAF8E}.Release|x86.ActiveCfg = Release|x86
		{0BB99E47-2E13-4699-8A17-B694BAFDAF8E}.Release|x86.Build.0 = Release|x86
		{0BB99E47-2E13-4699-8A17-B694BAFDAF8E}.Test|Any CPU.ActiveCfg = Release|x86
		{0BB99E47-2E13-4699-8A17-B694BAFDAF8E}.Test|Any CPU.Build.0 = Release|x86
		{0BB99E47-2E13-4699-8A17-B694BAFDAF8E}.Test|Mixed Platforms.ActiveCfg = Release|x86
		{0BB99E47-2E13-4699-8A17-B694BAFDAF8E}.Test|Mixed Platforms.Build.0 = Release|x86
		{0BB99E47-2E13-4699-8A17-B694BAFDAF8E}.Test|x86.ActiveCfg = Release|x86
		{0BB99E47-2E13-4699-8A17-B694BAFDAF8E}.Test|x86.Build.0 = Release|x86
		{BC919641-51B9-40DF-A3D1-72CE24F3758B}.Debug|Any CPU.ActiveCfg = Debug|x86
		{BC919641-51B9-40DF-A3D1-72CE24F3758B}.Debug|Mixed Platforms.ActiveCfg = Debug|x86
		{BC919641-51B9-40DF-A3D1-72CE24F3758B}.Debug|Mixed Platforms.Build.0 = Debug|x86
		{BC919641-51B9-40DF-A3D1-72CE24F3758B}.Debug|x86.ActiveCfg = Debug|x86
		{BC919641-51B9-40DF-A3D1-72CE24F3758B}.Debug|x86.Build.0 = Debug|x86
		{BC919641-51B9-40DF-A3D1-72CE24F3758B}.Release|Any CPU.ActiveCfg = Release|x86
		{BC919641-51B9-40DF-A3D1-72CE24F3758B}.Release|Mixed Platforms.ActiveCfg = Release|x86
		{BC919641-51B9-40DF-A3D1-72CE24F3758B}.Release|Mixed Platforms.Build.0 = Release|x86
		{BC919641-51B9-40DF-A3D1-72CE24F3758B}.Release|x86.ActiveCfg = Release|x86
		{BC919641-51B9-40DF-A3D1-72CE24F3758B}.Release|x86.Build.0 = Release|x86
		{BC919641-51B9-40DF-A3D1-72CE24F3758B}.Test|Any CPU.ActiveCfg = Release|x86
		{BC919641-51B9-40DF-A3D1-72CE24F3758B}.Test|Any CPU.Build.0 = Release|x86
		{BC919641-51B9-40DF-A3D1-72CE24F3758B}.Test|Mixed Platforms.ActiveCfg = Release|x86
		{BC919641-51B9-40DF-A3D1-72CE24F3758B}.Test|Mixed Platforms.Build.0 = Release|x86
		{BC919641-51B9-40DF-A3D1-72CE24F3758B}.Test|x86.ActiveCfg = Release|x86
		{BC919641-51B9-40DF-A3D1-72CE24F3758B}.Test|x86.Build.0 = Release|x86
		{0E59E504-5D0D-457D-8C08-F4C1A9AD6026}.Debug|Any CPU.ActiveCfg = Debug|x86
		{0E59E504-5D0D-457D-8C08-F4C1A9AD6026}.Debug|Mixed Platforms.ActiveCfg = Debug|x86
		{0E59E504-5D0D-457D-8C08-F4C1A9AD6026}.Debug|Mixed Platforms.Build.0 = Debug|x86
		{0E59E504-5D0D-457D-8C08-F4C1A9AD6026}.Debug|x86.ActiveCfg = Debug|x86
		{0E59E504-5D0D-457D-8C08-F4C1A9AD6026}.Debug|x86.Build.0 = Debug|x86
		{0E59E504-5D0D-457D-8C08-F4C1A9AD6026}.Release|Any CPU.ActiveCfg = Release|x86
		{0E59E504-5D0D-457D-8C08-F4C1A9AD6026}.Release|Mixed Platforms.ActiveCfg = Release|x86
		{0E59E504-5D0D-457D-8C08-F4C1A9AD6026}.Release|Mixed Platforms.Build.0 = Release|x86
		{0E59E504-5D0D-457D-8C08-F4C1A9AD6026}.Release|x86.ActiveCfg = Release|x86
		{0E59E504-5D0D-457D-8C08-F4C1A9AD6026}.Release|x86.Build.0 = Release|x86
		{0E59E504-5D0D-457D-8C08-F4C1A9AD6026}.Test|Any CPU.ActiveCfg = Release|x86
		{0E59E504-5D0D-457D-8C08-F4C1A9AD6026}.Test|Any CPU.Build.0 = Release|x86
		{0E59E504-5D0D-457D-8C08-F4C1A9AD6026}.Test|Mixed Platforms.ActiveCfg = Release|x86
		{0E59E504-5D0D-457D-8C08-F4C1A9AD6026}.Test|Mixed Platforms.Build.0 = Release|x86
		{0E59E504-5D0D-457D-8C08-F4C1A9AD6026}.Test|x86.ActiveCfg = Release|x86
		{0E59E504-5D0D-457D-8C08-F4C1A9AD6026}.Test|x86.Build.0 = Release|x86
		{2B9F448E-A6D4-43BD-9670-23ADDBC0BFAC}.Debug|Any CPU.ActiveCfg = Debug|x86
		{2B9F448E-A6D4-43BD-9670-23ADDBC0BFAC}.Debug|Mixed Platforms.ActiveCfg = Debug|x86
		{2B9F448E-A6D4-43BD-9670-23ADDBC0BFAC}.Debug|Mixed Platforms.Build.0 = Debug|x86
		{2B9F448E-A6D4-43BD-9670-23ADDBC0BFAC}.Debug|x86.ActiveCfg = Debug|x86
		{2B9F448E-A6D4-43BD-9670-23ADDBC0BFAC}.Debug|x86.Build.0 = Debug|x86
		{2B9F448E-A6D4-43BD-9670-23ADDBC0BFAC}.Release|Any CPU.ActiveCfg = Release|x86
		{2B9F448E-A6D4-43BD-9670-23ADDBC0BFAC}.Release|Mixed Platforms.ActiveCfg = Release|x86
		{2B9F448E-A6D4-43BD-9670-23ADDBC0BFAC}.Release|Mixed Platforms.Build.0 = Release|x86
		{2B9F448E-A6D4-43BD-9670-23ADDBC0BFAC}.Release|x86.ActiveCfg = Release|x86
		{2B9F448E-A6D4-43BD-9670-23ADDBC0BFAC}.Release|x86.Build.0 = Release|x86
		{2B9F448E-A6D4-43BD-9670-23ADDBC0BFAC}.Test|Any CPU.ActiveCfg = Release|x86
		{2B9F448E-A6D4-43BD-9670-23ADDBC0BFAC}.Test|Any CPU.Build.0 = Release|x86
		{2B9F448E-A6D4-43BD-9670-23ADDBC0BFAC}.Test|Mixed Platforms.ActiveCfg = Release|x86
		{2B9F448E-A6D4-43BD-9670-23ADDBC0BFAC}.Test|Mixed Platforms.Build.0 = Release|x86
		{2B9F448E-A6D4-43BD-9670-23ADDBC0BFAC}.Test|x86.ActiveCfg = Release|x86
		{2B9F448E-A6D4-43BD-9670-23ADDBC0BFAC}.Test|x86.Build.0 = Release|x86
		{47EA7AE2-B10D-4807-9B3F-EFC36DD87717}.Debug|Any CPU.ActiveCfg = Debug|x86
		{47EA7AE2-B10D-4807-9B3F-EFC36DD87717}.Debug|Mixed Platforms.ActiveCfg = Debug|x86
		{47EA7AE2-B10D-4807-9B3F-EFC36DD87717}.Debug|Mixed Platforms.Build.0 = Debug|x86
		{47EA7AE2-B10D-4807-9B3F-EFC36DD87717}.Debug|x86.ActiveCfg = Debug|x86
		{47EA7AE2-B10D-4807-9B3F-EFC36DD87717}.Debug|x86.Build.0 = Debug|x86
		{47EA7AE2-B10D-4807-9B3F-EFC36DD87717}.Release|Any CPU.ActiveCfg = Release|x86
		{47EA7AE2-B10D-4807-9B3F-EFC36DD87717}.Release|Mixed Platforms.ActiveCfg = Release|x86
		{47EA7AE2-B10D-4807-9B3F-EFC36DD87717}.Release|Mixed Platforms.Build.0 = Release|x86
		{47EA7AE2-B10D-4807-9B3F-EFC36DD87717}.Release|x86.ActiveCfg = Release|x86
		{47EA7AE2-B10D-4807-9B3F-EFC36DD87717}.Release|x86.Build.0 = Release|x86
		{47EA7AE2-B10D-4807-9B3F-EFC36DD87717}.Test|Any CPU.ActiveCfg = Release|x86
		{47EA7AE2-B10D-4807-9B3F-EFC36DD87717}.Test|Any CPU.Build.0 = Release|x86
		{47EA7AE2-B10D-4807-9B3F-EFC36DD87717}.Test|Mixed Platforms.ActiveCfg = Release|x86
		{47EA7AE2-B10D-4807-9B3F-EFC36DD87717}.Test|Mixed Platforms.Build.0 = Release|x86
		{47EA7AE2-B10D-4807-9B3F-EFC36DD87717}.Test|x86.ActiveCfg = Release|x86
		{47EA7AE2-B10D-4807-9B3F-EFC36DD87717}.Test|x86.Build.0 = Release|x86
		{8E1202A9-2483-48F9-A1A5-82571FE70946}.Debug|Any CPU.ActiveCfg = Debug|x86
		{8E1202A9-2483-48F9-A1A5-82571FE70946}.Debug|Mixed Platforms.ActiveCfg = Debug|x86
		{8E1202A9-2483-48F9-A1A5-82571FE70946}.Debug|Mixed Platforms.Build.0 = Debug|x86
		{8E1202A9-2483-48F9-A1A5-82571FE70946}.Debug|x86.ActiveCfg = Debug|x86
		{8E1202A9-2483-48F9-A1A5-82571FE70946}.Debug|x86.Build.0 = Debug|x86
		{8E1202A9-2483-48F9-A1A5-82571FE70946}.Release|Any CPU.ActiveCfg = Release|x86
		{8E1202A9-2483-48F9-A1A5-82571FE70946}.Release|Mixed Platforms.ActiveCfg = Release|x86
		{8E1202A9-2483-48F9-A1A5-82571FE70946}.Release|Mixed Platforms.Build.0 = Release|x86
		{8E1202A9-2483-48F9-A1A5-82571FE70946}.Release|x86.ActiveCfg = Release|x86
		{8E1202A9-2483-48F9-A1A5-82571FE70946}.Release|x86.Build.0 = Release|x86
		{8E1202A9-2483-48F9-A1A5-82571FE70946}.Test|Any CPU.ActiveCfg = Release|x86
		{8E1202A9-2483-48F9-A1A5-82571FE70946}.Test|Any CPU.Build.0 = Release|x86
		{8E1202A9-2483-48F9-A1A5-82571FE70946}.Test|Mixed Platforms.ActiveCfg = Release|x86
		{8E1202A9-2483-48F9-A1A5-82571FE70946}.Test|Mixed Platforms.Build.0 = Release|x86
		{8E1202A9-2483-48F9-A1A5-82571FE70946}.Test|x86.ActiveCfg = Release|x86
		{8E1202A9-2483-48F9-A1A5-82571FE70946}.Test|x86.Build.0 = Release|x86
		{5796D24E-C8A9-4027-BDB4-472C37169F92}.Debug|Any CPU.ActiveCfg = Debug|x86
		{5796D24E-C8A9-4027-BDB4-472C37169F92}.Debug|Mixed Platforms.ActiveCfg = Debug|x86
		{5796D24E-C8A9-4027-BDB4-472C37169F92}.Debug|Mixed Platforms.Build.0 = Debug|x86
		{5796D24E-C8A9-4027-BDB4-472C37169F92}.Debug|x86.ActiveCfg = Debug|x86
		{5796D24E-C8A9-4027-BDB4-472C37169F92}.Debug|x86.Build.0 = Debug|x86
		{5796D24E-C8A9-4027-BDB4-472C37169F92}.Release|Any CPU.ActiveCfg = Release|x86
		{5796D24E-C8A9-4027-BDB4-472C37169F92}.Release|Mixed Platforms.ActiveCfg = Release|x86
		{5796D24E-C8A9-4027-BDB4-472C37169F92}.Release|Mixed Platforms.Build.0 = Release|x86
		{5796D24E-C8A9-4027-BDB4-472C37169F92}.Release|x86.ActiveCfg = Release|x86
		{5796D24E-C8A9-4027-BDB4-472C37169F92}.Release|x86.Build.0 = Release|x86
		{5796D24E-C8A9-4027-BDB4-472C37169F92}.Test|Any CPU.ActiveCfg = Release|x86
		{5796D24E-C8A9-4027-BDB4-472C37169F92}.Test|Any CPU.Build.0 = Release|x86
		{5796D24E-C8A9-4027-BDB4-472C37169F92}.Test|Mixed Platforms.ActiveCfg = Release|x86
		{5796D24E-C8A9-4027-BDB4-472C37169F92}.Test|Mixed Platforms.Build.0 = Release|x86
		{5796D24E-C8A9-4027-BDB4-472C37169F92}.Test|x86.ActiveCfg = Release|x86
		{5796D24E-C8A9-4027-BDB4-472C37169F92}.Test|x86.Build.0 = Release|x86
		{1160ED3F-AA6F-4514-A0DC-551647AE12DA}.Debug|Any CPU.ActiveCfg = Debug|x86
		{1160ED3F-AA6F-4514-A0DC-551647AE12DA}.Debug|Mixed Platforms.ActiveCfg = Debug|x86
		{1160ED3F-AA6F-4514-A0DC-551647AE12DA}.Debug|Mixed Platforms.Build.0 = Debug|x86
		{1160ED3F-AA6F-4514-A0DC-551647AE12DA}.Debug|x86.ActiveCfg = Debug|x86
		{1160ED3F-AA6F-4514-A0DC-551647AE12DA}.Debug|x86.Build.0 = Debug|x86
		{1160ED3F-AA6F-4514-A0DC-551647AE12DA}.Release|Any CPU.ActiveCfg = Release|x86
		{1160ED3F-AA6F-4514-A0DC-551647AE12DA}.Release|Mixed Platforms.ActiveCfg = Release|x86
		{1160ED3F-AA6F-4514-A0DC-551647AE12DA}.Release|Mixed Platforms.Build.0 = Release|x86
		{1160ED3F-AA6F-4514-A0DC-551647AE12DA}.Release|x86.ActiveCfg = Release|x86
		{1160ED3F-AA6F-4514-A0DC-551647AE12DA}.Release|x86.Build.0 = Release|x86
		{1160ED3F-AA6F-4514-A0DC-551647AE12DA}.Test|Any CPU.ActiveCfg = Release|x86
		{1160ED3F-AA6F-4514-A0DC-551647AE12DA}.Test|Any CPU.Build.0 = Release|x86
		{1160ED3F-AA6F-4514-A0DC-551647AE12DA}.Test|Mixed Platforms.ActiveCfg = Release|x86
		{1160ED3F-AA6F-4514-A0DC-551647AE12DA}.Test|Mixed Platforms.Build.0 = Release|x86
		{1160ED3F-AA6F-4514-A0DC-551647AE12DA}.Test|x86.ActiveCfg = Release|x86
		{1160ED3F-AA6F-4514-A0DC-551647AE12DA}.Test|x86.Build.0 = Release|x86
		{42BAD79C-DE8B-4C4C-890C-6AC512EC22A8}.Debug|Any CPU.ActiveCfg = Debug|Any CPU
		{42BAD79C-DE8B-4C4C-890C-6AC512EC22A8}.Debug|Any CPU.Build.0 = Debug|Any CPU
		{42BAD79C-DE8B-4C4C-890C-6AC512EC22A8}.Debug|Mixed Platforms.ActiveCfg = Debug|Any CPU
		{42BAD79C-DE8B-4C4C-890C-6AC512EC22A8}.Debug|Mixed Platforms.Build.0 = Debug|Any CPU
		{42BAD79C-DE8B-4C4C-890C-6AC512EC22A8}.Debug|x86.ActiveCfg = Debug|Any CPU
		{42BAD79C-DE8B-4C4C-890C-6AC512EC22A8}.Release|Any CPU.ActiveCfg = Debug|Any CPU
		{42BAD79C-DE8B-4C4C-890C-6AC512EC22A8}.Release|Any CPU.Build.0 = Debug|Any CPU
		{42BAD79C-DE8B-4C4C-890C-6AC512EC22A8}.Release|Mixed Platforms.ActiveCfg = Debug|Any CPU
		{42BAD79C-DE8B-4C4C-890C-6AC512EC22A8}.Release|Mixed Platforms.Build.0 = Debug|Any CPU
		{42BAD79C-DE8B-4C4C-890C-6AC512EC22A8}.Release|x86.ActiveCfg = Debug|Any CPU
		{42BAD79C-DE8B-4C4C-890C-6AC512EC22A8}.Test|Any CPU.ActiveCfg = Debug|Any CPU
		{42BAD79C-DE8B-4C4C-890C-6AC512EC22A8}.Test|Any CPU.Build.0 = Debug|Any CPU
		{42BAD79C-DE8B-4C4C-890C-6AC512EC22A8}.Test|Mixed Platforms.ActiveCfg = Debug|Any CPU
		{42BAD79C-DE8B-4C4C-890C-6AC512EC22A8}.Test|Mixed Platforms.Build.0 = Debug|Any CPU
		{42BAD79C-DE8B-4C4C-890C-6AC512EC22A8}.Test|x86.ActiveCfg = Debug|Any CPU
		{42BAD79C-DE8B-4C4C-890C-6AC512EC22A8}.Test|x86.Build.0 = Debug|Any CPU
		{B544C93D-C963-40F6-8702-8B75D2DDB8A7}.Debug|Any CPU.ActiveCfg = Debug|x86
		{B544C93D-C963-40F6-8702-8B75D2DDB8A7}.Debug|Mixed Platforms.ActiveCfg = Debug|x86
		{B544C93D-C963-40F6-8702-8B75D2DDB8A7}.Debug|Mixed Platforms.Build.0 = Debug|x86
		{B544C93D-C963-40F6-8702-8B75D2DDB8A7}.Debug|x86.ActiveCfg = Debug|x86
		{B544C93D-C963-40F6-8702-8B75D2DDB8A7}.Debug|x86.Build.0 = Debug|x86
		{B544C93D-C963-40F6-8702-8B75D2DDB8A7}.Release|Any CPU.ActiveCfg = Release|x86
		{B544C93D-C963-40F6-8702-8B75D2DDB8A7}.Release|Mixed Platforms.ActiveCfg = Release|x86
		{B544C93D-C963-40F6-8702-8B75D2DDB8A7}.Release|Mixed Platforms.Build.0 = Release|x86
		{B544C93D-C963-40F6-8702-8B75D2DDB8A7}.Release|x86.ActiveCfg = Release|x86
		{B544C93D-C963-40F6-8702-8B75D2DDB8A7}.Release|x86.Build.0 = Release|x86
		{B544C93D-C963-40F6-8702-8B75D2DDB8A7}.Test|Any CPU.ActiveCfg = Release|x86
		{B544C93D-C963-40F6-8702-8B75D2DDB8A7}.Test|Any CPU.Build.0 = Release|x86
		{B544C93D-C963-40F6-8702-8B75D2DDB8A7}.Test|Mixed Platforms.ActiveCfg = Release|x86
		{B544C93D-C963-40F6-8702-8B75D2DDB8A7}.Test|Mixed Platforms.Build.0 = Release|x86
		{B544C93D-C963-40F6-8702-8B75D2DDB8A7}.Test|x86.ActiveCfg = Release|x86
		{B544C93D-C963-40F6-8702-8B75D2DDB8A7}.Test|x86.Build.0 = Release|x86
		{6CCD8E2E-0E48-4DAC-8860-A67E531156EF}.Debug|Any CPU.ActiveCfg = Debug|x86
		{6CCD8E2E-0E48-4DAC-8860-A67E531156EF}.Debug|Mixed Platforms.ActiveCfg = Debug|x86
		{6CCD8E2E-0E48-4DAC-8860-A67E531156EF}.Debug|Mixed Platforms.Build.0 = Debug|x86
		{6CCD8E2E-0E48-4DAC-8860-A67E531156EF}.Debug|x86.ActiveCfg = Debug|x86
		{6CCD8E2E-0E48-4DAC-8860-A67E531156EF}.Debug|x86.Build.0 = Debug|x86
		{6CCD8E2E-0E48-4DAC-8860-A67E531156EF}.Release|Any CPU.ActiveCfg = Release|x86
		{6CCD8E2E-0E48-4DAC-8860-A67E531156EF}.Release|Mixed Platforms.ActiveCfg = Release|x86
		{6CCD8E2E-0E48-4DAC-8860-A67E531156EF}.Release|Mixed Platforms.Build.0 = Release|x86
		{6CCD8E2E-0E48-4DAC-8860-A67E531156EF}.Release|x86.ActiveCfg = Release|x86
		{6CCD8E2E-0E48-4DAC-8860-A67E531156EF}.Release|x86.Build.0 = Release|x86
		{6CCD8E2E-0E48-4DAC-8860-A67E531156EF}.Test|Any CPU.ActiveCfg = Release|x86
		{6CCD8E2E-0E48-4DAC-8860-A67E531156EF}.Test|Any CPU.Build.0 = Release|x86
		{6CCD8E2E-0E48-4DAC-8860-A67E531156EF}.Test|Mixed Platforms.ActiveCfg = Release|x86
		{6CCD8E2E-0E48-4DAC-8860-A67E531156EF}.Test|Mixed Platforms.Build.0 = Release|x86
		{6CCD8E2E-0E48-4DAC-8860-A67E531156EF}.Test|x86.ActiveCfg = Release|x86
		{6CCD8E2E-0E48-4DAC-8860-A67E531156EF}.Test|x86.Build.0 = Release|x86
		{C8278B7B-CC1F-4D24-B013-39B63F551DB4}.Debug|Any CPU.ActiveCfg = Debug|Any CPU
		{C8278B7B-CC1F-4D24-B013-39B63F551DB4}.Debug|Any CPU.Build.0 = Debug|Any CPU
		{C8278B7B-CC1F-4D24-B013-39B63F551DB4}.Debug|Mixed Platforms.ActiveCfg = Debug|Any CPU
		{C8278B7B-CC1F-4D24-B013-39B63F551DB4}.Debug|Mixed Platforms.Build.0 = Debug|Any CPU
		{C8278B7B-CC1F-4D24-B013-39B63F551DB4}.Debug|x86.ActiveCfg = Debug|Any CPU
		{C8278B7B-CC1F-4D24-B013-39B63F551DB4}.Debug|x86.Build.0 = Debug|Any CPU
		{C8278B7B-CC1F-4D24-B013-39B63F551DB4}.Release|Any CPU.ActiveCfg = Release|Any CPU
		{C8278B7B-CC1F-4D24-B013-39B63F551DB4}.Release|Any CPU.Build.0 = Release|Any CPU
		{C8278B7B-CC1F-4D24-B013-39B63F551DB4}.Release|Mixed Platforms.ActiveCfg = Release|Any CPU
		{C8278B7B-CC1F-4D24-B013-39B63F551DB4}.Release|Mixed Platforms.Build.0 = Release|Any CPU
		{C8278B7B-CC1F-4D24-B013-39B63F551DB4}.Release|x86.ActiveCfg = Release|Any CPU
		{C8278B7B-CC1F-4D24-B013-39B63F551DB4}.Release|x86.Build.0 = Release|Any CPU
		{C8278B7B-CC1F-4D24-B013-39B63F551DB4}.Test|Any CPU.ActiveCfg = Release|Any CPU
		{C8278B7B-CC1F-4D24-B013-39B63F551DB4}.Test|Any CPU.Build.0 = Release|Any CPU
		{C8278B7B-CC1F-4D24-B013-39B63F551DB4}.Test|Mixed Platforms.ActiveCfg = Release|Any CPU
		{C8278B7B-CC1F-4D24-B013-39B63F551DB4}.Test|Mixed Platforms.Build.0 = Release|Any CPU
		{C8278B7B-CC1F-4D24-B013-39B63F551DB4}.Test|x86.ActiveCfg = Release|Any CPU
		{C8278B7B-CC1F-4D24-B013-39B63F551DB4}.Test|x86.Build.0 = Release|Any CPU
		{FFE421FA-C56D-466D-BCBE-5C451F2C82BC}.Debug|Any CPU.ActiveCfg = Debug|Any CPU
		{FFE421FA-C56D-466D-BCBE-5C451F2C82BC}.Debug|Any CPU.Build.0 = Debug|Any CPU
		{FFE421FA-C56D-466D-BCBE-5C451F2C82BC}.Debug|Mixed Platforms.ActiveCfg = Debug|Any CPU
		{FFE421FA-C56D-466D-BCBE-5C451F2C82BC}.Debug|Mixed Platforms.Build.0 = Debug|Any CPU
		{FFE421FA-C56D-466D-BCBE-5C451F2C82BC}.Debug|x86.ActiveCfg = Debug|Any CPU
		{FFE421FA-C56D-466D-BCBE-5C451F2C82BC}.Debug|x86.Build.0 = Debug|Any CPU
		{FFE421FA-C56D-466D-BCBE-5C451F2C82BC}.Release|Any CPU.ActiveCfg = Release|Any CPU
		{FFE421FA-C56D-466D-BCBE-5C451F2C82BC}.Release|Any CPU.Build.0 = Release|Any CPU
		{FFE421FA-C56D-466D-BCBE-5C451F2C82BC}.Release|Mixed Platforms.ActiveCfg = Release|Any CPU
		{FFE421FA-C56D-466D-BCBE-5C451F2C82BC}.Release|Mixed Platforms.Build.0 = Release|Any CPU
		{FFE421FA-C56D-466D-BCBE-5C451F2C82BC}.Release|x86.ActiveCfg = Release|Any CPU
		{FFE421FA-C56D-466D-BCBE-5C451F2C82BC}.Release|x86.Build.0 = Release|Any CPU
		{FFE421FA-C56D-466D-BCBE-5C451F2C82BC}.Test|Any CPU.ActiveCfg = Release|Any CPU
		{FFE421FA-C56D-466D-BCBE-5C451F2C82BC}.Test|Any CPU.Build.0 = Release|Any CPU
		{FFE421FA-C56D-466D-BCBE-5C451F2C82BC}.Test|Mixed Platforms.ActiveCfg = Release|Any CPU
		{FFE421FA-C56D-466D-BCBE-5C451F2C82BC}.Test|Mixed Platforms.Build.0 = Release|Any CPU
		{FFE421FA-C56D-466D-BCBE-5C451F2C82BC}.Test|x86.ActiveCfg = Release|Any CPU
		{FFE421FA-C56D-466D-BCBE-5C451F2C82BC}.Test|x86.Build.0 = Release|Any CPU
		{808C6CC8-4CBC-4C3E-9ACC-573819AFC2E5}.Debug|Any CPU.ActiveCfg = Debug|Any CPU
		{808C6CC8-4CBC-4C3E-9ACC-573819AFC2E5}.Debug|Any CPU.Build.0 = Debug|Any CPU
		{808C6CC8-4CBC-4C3E-9ACC-573819AFC2E5}.Debug|Mixed Platforms.ActiveCfg = Debug|Any CPU
		{808C6CC8-4CBC-4C3E-9ACC-573819AFC2E5}.Debug|Mixed Platforms.Build.0 = Debug|Any CPU
		{808C6CC8-4CBC-4C3E-9ACC-573819AFC2E5}.Debug|x86.ActiveCfg = Debug|Any CPU
		{808C6CC8-4CBC-4C3E-9ACC-573819AFC2E5}.Debug|x86.Build.0 = Debug|Any CPU
		{808C6CC8-4CBC-4C3E-9ACC-573819AFC2E5}.Release|Any CPU.ActiveCfg = Release|Any CPU
		{808C6CC8-4CBC-4C3E-9ACC-573819AFC2E5}.Release|Any CPU.Build.0 = Release|Any CPU
		{808C6CC8-4CBC-4C3E-9ACC-573819AFC2E5}.Release|Mixed Platforms.ActiveCfg = Release|Any CPU
		{808C6CC8-4CBC-4C3E-9ACC-573819AFC2E5}.Release|Mixed Platforms.Build.0 = Release|Any CPU
		{808C6CC8-4CBC-4C3E-9ACC-573819AFC2E5}.Release|x86.ActiveCfg = Release|Any CPU
		{808C6CC8-4CBC-4C3E-9ACC-573819AFC2E5}.Release|x86.Build.0 = Release|Any CPU
		{808C6CC8-4CBC-4C3E-9ACC-573819AFC2E5}.Test|Any CPU.ActiveCfg = Release|Any CPU
		{808C6CC8-4CBC-4C3E-9ACC-573819AFC2E5}.Test|Any CPU.Build.0 = Release|Any CPU
		{808C6CC8-4CBC-4C3E-9ACC-573819AFC2E5}.Test|Mixed Platforms.ActiveCfg = Release|Any CPU
		{808C6CC8-4CBC-4C3E-9ACC-573819AFC2E5}.Test|Mixed Platforms.Build.0 = Release|Any CPU
		{808C6CC8-4CBC-4C3E-9ACC-573819AFC2E5}.Test|x86.ActiveCfg = Release|Any CPU
		{808C6CC8-4CBC-4C3E-9ACC-573819AFC2E5}.Test|x86.Build.0 = Release|Any CPU
		{804AD297-8D3F-4A41-82DF-4E353FCCBE4A}.Debug|Any CPU.ActiveCfg = Debug|Any CPU
		{804AD297-8D3F-4A41-82DF-4E353FCCBE4A}.Debug|Any CPU.Build.0 = Debug|Any CPU
		{804AD297-8D3F-4A41-82DF-4E353FCCBE4A}.Debug|Mixed Platforms.ActiveCfg = Debug|Any CPU
		{804AD297-8D3F-4A41-82DF-4E353FCCBE4A}.Debug|Mixed Platforms.Build.0 = Debug|Any CPU
		{804AD297-8D3F-4A41-82DF-4E353FCCBE4A}.Debug|x86.ActiveCfg = Debug|Any CPU
		{804AD297-8D3F-4A41-82DF-4E353FCCBE4A}.Debug|x86.Build.0 = Debug|Any CPU
		{804AD297-8D3F-4A41-82DF-4E353FCCBE4A}.Release|Any CPU.ActiveCfg = Release|Any CPU
		{804AD297-8D3F-4A41-82DF-4E353FCCBE4A}.Release|Any CPU.Build.0 = Release|Any CPU
		{804AD297-8D3F-4A41-82DF-4E353FCCBE4A}.Release|Mixed Platforms.ActiveCfg = Release|Any CPU
		{804AD297-8D3F-4A41-82DF-4E353FCCBE4A}.Release|Mixed Platforms.Build.0 = Release|Any CPU
		{804AD297-8D3F-4A41-82DF-4E353FCCBE4A}.Release|x86.ActiveCfg = Release|Any CPU
		{804AD297-8D3F-4A41-82DF-4E353FCCBE4A}.Release|x86.Build.0 = Release|Any CPU
		{804AD297-8D3F-4A41-82DF-4E353FCCBE4A}.Test|Any CPU.ActiveCfg = Release|Any CPU
		{804AD297-8D3F-4A41-82DF-4E353FCCBE4A}.Test|Any CPU.Build.0 = Release|Any CPU
		{804AD297-8D3F-4A41-82DF-4E353FCCBE4A}.Test|Mixed Platforms.ActiveCfg = Release|Any CPU
		{804AD297-8D3F-4A41-82DF-4E353FCCBE4A}.Test|Mixed Platforms.Build.0 = Release|Any CPU
		{804AD297-8D3F-4A41-82DF-4E353FCCBE4A}.Test|x86.ActiveCfg = Release|Any CPU
		{804AD297-8D3F-4A41-82DF-4E353FCCBE4A}.Test|x86.Build.0 = Release|Any CPU
		{54B39254-4239-4319-847E-FC5839C6371D}.Debug|Any CPU.ActiveCfg = Debug|Any CPU
		{54B39254-4239-4319-847E-FC5839C6371D}.Debug|Any CPU.Build.0 = Debug|Any CPU
		{54B39254-4239-4319-847E-FC5839C6371D}.Debug|Mixed Platforms.ActiveCfg = Debug|Any CPU
		{54B39254-4239-4319-847E-FC5839C6371D}.Debug|Mixed Platforms.Build.0 = Debug|Any CPU
		{54B39254-4239-4319-847E-FC5839C6371D}.Debug|x86.ActiveCfg = Debug|Any CPU
		{54B39254-4239-4319-847E-FC5839C6371D}.Debug|x86.Build.0 = Debug|Any CPU
		{54B39254-4239-4319-847E-FC5839C6371D}.Release|Any CPU.ActiveCfg = Release|Any CPU
		{54B39254-4239-4319-847E-FC5839C6371D}.Release|Any CPU.Build.0 = Release|Any CPU
		{54B39254-4239-4319-847E-FC5839C6371D}.Release|Mixed Platforms.ActiveCfg = Release|Any CPU
		{54B39254-4239-4319-847E-FC5839C6371D}.Release|Mixed Platforms.Build.0 = Release|Any CPU
		{54B39254-4239-4319-847E-FC5839C6371D}.Release|x86.ActiveCfg = Release|Any CPU
		{54B39254-4239-4319-847E-FC5839C6371D}.Release|x86.Build.0 = Release|Any CPU
		{54B39254-4239-4319-847E-FC5839C6371D}.Test|Any CPU.ActiveCfg = Release|Any CPU
		{54B39254-4239-4319-847E-FC5839C6371D}.Test|Any CPU.Build.0 = Release|Any CPU
		{54B39254-4239-4319-847E-FC5839C6371D}.Test|Mixed Platforms.ActiveCfg = Release|Any CPU
		{54B39254-4239-4319-847E-FC5839C6371D}.Test|Mixed Platforms.Build.0 = Release|Any CPU
		{54B39254-4239-4319-847E-FC5839C6371D}.Test|x86.ActiveCfg = Release|Any CPU
		{54B39254-4239-4319-847E-FC5839C6371D}.Test|x86.Build.0 = Release|Any CPU
	EndGlobalSection
	GlobalSection(SolutionProperties) = preSolution
		HideSolutionNode = FALSE
	EndGlobalSection
EndGlobal
